
Microsoft Visual Studio Solution File, Format Version 12.00
# Visual Studio 15
VisualStudioVersion = 15.0.27428.2002
MinimumVisualStudioVersion = 10.0.40219.1
Project("{FAE04EC0-301F-11D3-BF4B-00C04F79EFBC}") = "MDKDataReaderV1", "MDKDataReaderV1\MDKDataReaderV1.csproj", "{4801ACA2-839B-4813-93E5-F01B1E4A26BD}"
EndProject
Project("{2150E333-8FDC-42A3-9474-1A3956D46DE8}") = "Solution Items", "Solution Items", "{E94849D1-4325-46F0-965E-F3B5BF1133B4}"
	ProjectSection(SolutionItems) = preProject
		..\Libs\MDK.KitV5.dll = ..\Libs\MDK.KitV5.dll
	EndProjectSection
EndProject
Project("{FAE04EC0-301F-11D3-BF4B-00C04F79EFBC}") = "MDKDataReader.Kernel", "MDKDataReader.Kernel\MDKDataReader.Kernel.csproj", "{845F2A9B-EC85-42C9-8A36-EE120C855592}"
EndProject
Global
	GlobalSection(SolutionConfigurationPlatforms) = preSolution
		Debug|Any CPU = Debug|Any CPU
		Release|Any CPU = Release|Any CPU
	EndGlobalSection
	GlobalSection(ProjectConfigurationPlatforms) = postSolution
		{4801ACA2-839B-4813-93E5-F01B1E4A26BD}.Debug|Any CPU.ActiveCfg = Debug|Any CPU
		{4801ACA2-839B-4813-93E5-F01B1E4A26BD}.Debug|Any CPU.Build.0 = Debug|Any CPU
		{4801ACA2-839B-4813-93E5-F01B1E4A26BD}.Release|Any CPU.ActiveCfg = Release|Any CPU
		{4801ACA2-839B-4813-93E5-F01B1E4A26BD}.Release|Any CPU.Build.0 = Release|Any CPU
		{845F2A9B-EC85-42C9-8A36-EE120C855592}.Debug|Any CPU.ActiveCfg = Debug|Any CPU
		{845F2A9B-EC85-42C9-8A36-EE120C855592}.Debug|Any CPU.Build.0 = Debug|Any CPU
		{845F2A9B-EC85-42C9-8A36-EE120C855592}.Release|Any CPU.ActiveCfg = Release|Any CPU
		{845F2A9B-EC85-42C9-8A36-EE120C855592}.Release|Any CPU.Build.0 = Release|Any CPU
	EndGlobalSection
	GlobalSection(SolutionProperties) = preSolution
		HideSolutionNode = FALSE
	EndGlobalSection
	GlobalSection(ExtensibilityGlobals) = postSolution
		SolutionGuid = {6702471C-4EC6-4250-B44F-9E5EF9A6E8DD}
	EndGlobalSection
EndGlobal
